{
  "name": "evrythng.js-browser-npm-globals",
  "version": "1.0.0",
  "lockfileVersion": 1,
  "requires": true,
  "dependencies": {
    "evrythng": {
      "version": "file:../..",
      "requires": {
        "@babel/runtime": "^7.4.3",
        "isomorphic-fetch": "^2.2.1",
        "node-fetch": "^2.3.0"
      }
    }
  }
}
